Microsoft Visual Studio Solution File, Format Version 12.00
# Visual Studio Version 17
VisualStudioVersion = 17.5.2.0
MinimumVisualStudioVersion = 10.0.40219.1
Project("{FAE04EC0-301F-11D3-BF4B-00C04F79EFBC}") = "EmotiBitLib", "EmotiBitLib\EmotiBitLib.csproj", "{0C23CCD6-A057-BB0A-453A-07C1A44B9D7A}"
EndProject
Global
	GlobalSection(SolutionConfigurationPlatforms) = preSolution
		Debug|Any CPU = Debug|Any CPU
		Release|Any CPU = Release|Any CPU
	EndGlobalSection
	GlobalSection(ProjectConfigurationPlatforms) = postSolution
		{0C23CCD6-A057-BB0A-453A-07C1A44B9D7A}.Debug|Any CPU.ActiveCfg = Debug|Any CPU
		{0C23CCD6-A057-BB0A-453A-07C1A44B9D7A}.Debug|Any CPU.Build.0 = Debug|Any CPU
		{0C23CCD6-A057-BB0A-453A-07C1A44B9D7A}.Release|Any CPU.ActiveCfg = Release|Any CPU
		{0C23CCD6-A057-BB0A-453A-07C1A44B9D7A}.Release|Any CPU.Build.0 = Release|Any CPU
	EndGlobalSection
	GlobalSection(SolutionProperties) = preSolution
		HideSolutionNode = FALSE
	EndGlobalSection
	GlobalSection(ExtensibilityGlobals) = postSolution
		SolutionGuid = {0BF0D7FC-EB6D-4807-AFDD-D87F34EFA6A0}
	EndGlobalSection
EndGlobal
